// !$*UTF8*$!
{
	archiveVersion = 1;
	classes = {
	};
	objectVersion = 53;
	objects = {

/* Begin PBXBuildFile section */
		449A7E9D271341B2005AF1F7 /* LocationRecordCacheItem.swift in Sources */ = {isa = PBXBuildFile; fileRef = 449A7E9C271341B2005AF1F7 /* LocationRecordCacheItem.swift */; };
		5A38B45C2A5D790700489795 /* PhotoViewController.swift in Sources */ = {isa = PBXBuildFile; fileRef = 5A38B45B2A5D790700489795 /* PhotoViewController.swift */; };
		5A5EFD742A306ED500547EB8 /* SettingsService.swift in Sources */ = {isa = PBXBuildFile; fileRef = 5A5EFD712A306ED500547EB8 /* SettingsService.swift */; };
		5A5EFD752A306ED500547EB8 /* DIContainer.swift in Sources */ = {isa = PBXBuildFile; fileRef = 5A5EFD722A306ED500547EB8 /* DIContainer.swift */; };
		5A5EFD762A306ED500547EB8 /* Settings.swift in Sources */ = {isa = PBXBuildFile; fileRef = 5A5EFD732A306ED500547EB8 /* Settings.swift */; };
		5AA25D132A2890B000F16014 /* (null) in Sources */ = {isa = PBXBuildFile; };
		5AA25D152A2892AA00F16014 /* (null) in Sources */ = {isa = PBXBuildFile; };
		5AA25D172A2899F100F16014 /* (null) in Sources */ = {isa = PBXBuildFile; };
		5ABDFBF92A273AD50059C0D8 /* DosimetersViewController.swift in Sources */ = {isa = PBXBuildFile; fileRef = 5ABDFBF82A273AD50059C0D8 /* DosimetersViewController.swift */; };
		5AC96E102A2E07330022068C /* BackupLocations.swift in Sources */ = {isa = PBXBuildFile; fileRef = 5AC96E0F2A2E07330022068C /* BackupLocations.swift */; };
		5AC96E122A2E09F10022068C /* RestoreLocation.swift in Sources */ = {isa = PBXBuildFile; fileRef = 5AC96E112A2E09F10022068C /* RestoreLocation.swift */; };
		5C7925A122DE9B1900B981B2 /* LocationDetails.swift in Sources */ = {isa = PBXBuildFile; fileRef = 5C7925A022DE9B1900B981B2 /* LocationDetails.swift */; };
		5CF01FDE22D92F19004604BC /* ToolsViewController.swift in Sources */ = {isa = PBXBuildFile; fileRef = 5CF01FDD22D92F19004604BC /* ToolsViewController.swift */; };
		DA20260611000000000000A2 /* DeleteOldCyclesViewController.swift in Sources */ = {isa = PBXBuildFile; fileRef = DA20260611000000000000A1 /* DeleteOldCyclesViewController.swift */; };
		5CFF888B22CAA5B700611F60 /* ActiveLocations.swift in Sources */ = {isa = PBXBuildFile; fileRef = 5CFF888A22CAA5B700611F60 /* ActiveLocations.swift */; };
		5E4D12742A2776E9002E4D91 /* Slac.swift in Sources */ = {isa = PBXBuildFile; fileRef = 5E4D12732A2776E9002E4D91 /* Slac.swift */; };
		5E660CC12A3AFD1F00BC6983 /* AudioPlayer.swift in Sources */ = {isa = PBXBuildFile; fileRef = 5E660CC02A3AFD1F00BC6983 /* AudioPlayer.swift */; };
		79A5CB15270E77E9007309EF /* DebugLocations.swift in Sources */ = {isa = PBXBuildFile; fileRef = 79A5CB14270E77E9007309EF /* DebugLocations.swift */; };
		8409448921CC539900C4EA28 /* TODO.swift in Sources */ = {isa = PBXBuildFile; fileRef = 8409448821CC539900C4EA28 /* TODO.swift */; };
		8409F52422022A3900B78BCC /* Queries.swift in Sources */ = {isa = PBXBuildFile; fileRef = 8409F52322022A3900B78BCC /* Queries.swift */; };
		8421B0642165BBB80041A53A /* AppDelegate.swift in Sources */ = {isa = PBXBuildFile; fileRef = 8421B0632165BBB80041A53A /* AppDelegate.swift */; };
		8421B0692165BBB80041A53A /* Main.storyboard in Resources */ = {isa = PBXBuildFile; fileRef = 8421B0672165BBB80041A53A /* Main.storyboard */; };
		8421B06B2165BBB90041A53A /* Assets.xcassets in Resources */ = {isa = PBXBuildFile; fileRef = 8421B06A2165BBB90041A53A /* Assets.xcassets */; };
		8421B06E2165BBB90041A53A /* LaunchScreen.storyboard in Resources */ = {isa = PBXBuildFile; fileRef = 8421B06C2165BBB90041A53A /* LaunchScreen.storyboard */; };
		8421B0792165BBB90041A53A /* LocationAppTests.swift in Sources */ = {isa = PBXBuildFile; fileRef = 8421B0782165BBB90041A53A /* LocationAppTests.swift */; };
		8421B0842165BBB90041A53A /* LocationAppUITests.swift in Sources */ = {isa = PBXBuildFile; fileRef = 8421B0832165BBB90041A53A /* LocationAppUITests.swift */; };
		8434D57B25956DE800B2E413 /* RepairCycleDate.swift in Sources */ = {isa = PBXBuildFile; fileRef = 8434D57A25956DE800B2E413 /* RepairCycleDate.swift */; };
		8434D58025957C9300B2E413 /* Data_File.csv in Resources */ = {isa = PBXBuildFile; fileRef = 8434D57F25957C9300B2E413 /* Data_File.csv */; };
		84505D1C2231DE41009551BC /* scannerbeep.mp3 in Resources */ = {isa = PBXBuildFile; fileRef = 84505D1B2231DE41009551BC /* scannerbeep.mp3 */; };
		84571FE5258FE29C009AC936 /* BriefCase.swift in Sources */ = {isa = PBXBuildFile; fileRef = 84571FE4258FE29C009AC936 /* BriefCase.swift */; };
		845F2E5F221C62E200A48C1A /* Reachability.swift in Sources */ = {isa = PBXBuildFile; fileRef = 845F2E5E221C62E200A48C1A /* Reachability.swift */; };
		846606C121AA3CA00049814C /* ReadWriteText.swift in Sources */ = {isa = PBXBuildFile; fileRef = 846606C021AA3CA00049814C /* ReadWriteText.swift */; };
		846606C321AA5C380049814C /* MapViewController.swift in Sources */ = {isa = PBXBuildFile; fileRef = 846606C221AA5C380049814C /* MapViewController.swift */; };
		84712D582597C874006F31E4 /* Briefcase.csv in Resources */ = {isa = PBXBuildFile; fileRef = 84712D572597C874006F31E4 /* Briefcase.csv */; };
		84712D622597C9FA006F31E4 /* Version 1.2 Briefcase Flowchart.pdf in Resources */ = {isa = PBXBuildFile; fileRef = 84712D612597C9FA006F31E4 /* Version 1.2 Briefcase Flowchart.pdf */; };
		8487FE2E21A8F4E000CC62E8 /* ScannerViewController.swift in Sources */ = {isa = PBXBuildFile; fileRef = 8487FE2D21A8F4E000CC62E8 /* ScannerViewController.swift */; };
		8487FE3021A8F9C700CC62E8 /* StartupViewController.swift in Sources */ = {isa = PBXBuildFile; fileRef = 8487FE2F21A8F9C700CC62E8 /* StartupViewController.swift */; };
		8487FE3221A9153100CC62E8 /* DatabaseContents.rtf in Resources */ = {isa = PBXBuildFile; fileRef = 8487FE3121A9153100CC62E8 /* DatabaseContents.rtf */; };
		848FE73D21750F320030AB30 /* CloudKit.framework in Frameworks */ = {isa = PBXBuildFile; fileRef = 848FE73C21750F320030AB30 /* CloudKit.framework */; };
		84A6671421E7162200FC1892 /* Artwork.swift in Sources */ = {isa = PBXBuildFile; fileRef = 84A6671321E7162200FC1892 /* Artwork.swift */; };
		84AA30E32234DE2700F07697 /* Inlight.jpg in Resources */ = {isa = PBXBuildFile; fileRef = 84AA30E22234DE2700F07697 /* Inlight.jpg */; };
		84AA30E522356ABF00F07697 /* beep-5.wav in Resources */ = {isa = PBXBuildFile; fileRef = 84AA30E422356ABE00F07697 /* beep-5.wav */; };
		84AA30E722356BEE00F07697 /* QRCodeImage.png in Resources */ = {isa = PBXBuildFile; fileRef = 84AA30E622356BEE00F07697 /* QRCodeImage.png */; };
		84AB348523149F6100C7F99A /* Scanner Logic 1.png in Resources */ = {isa = PBXBuildFile; fileRef = 84AB348223149F6100C7F99A /* Scanner Logic 1.png */; };
		84AB348623149F6100C7F99A /* Alerts.png in Resources */ = {isa = PBXBuildFile; fileRef = 84AB348323149F6100C7F99A /* Alerts.png */; };
		84AB348723149F6100C7F99A /* Scanner Logic 2.png in Resources */ = {isa = PBXBuildFile; fileRef = 84AB348423149F6100C7F99A /* Scanner Logic 2.png */; };
		84B58D4D21FD69C80013D5F3 /* UploadToCloud.swift in Sources */ = {isa = PBXBuildFile; fileRef = 84B58D4C21FD69C80013D5F3 /* UploadToCloud.swift */; };
		84E09F2021AA609B000CE8E2 /* MapKit.framework in Frameworks */ = {isa = PBXBuildFile; fileRef = 84E09F1F21AA609B000CE8E2 /* MapKit.framework */; };
		84F477962167173A00A63336 /* LocationApp.xcdatamodeld in Sources */ = {isa = PBXBuildFile; fileRef = 84F477942167173A00A63336 /* LocationApp.xcdatamodeld */; };
		84F5ED6721B2024900381E76 /* RecordsUpdate.swift in Sources */ = {isa = PBXBuildFile; fileRef = 84F5ED6621B2024900381E76 /* RecordsUpdate.swift */; };
		84F9180222211C9B00D25634 /* NearestDosimeters.swift in Sources */ = {isa = PBXBuildFile; fileRef = 84F9180122211C9B00D25634 /* NearestDosimeters.swift */; };
		E404C0C52A124558000D2D14 /* Cache.swift in Sources */ = {isa = PBXBuildFile; fileRef = E404C0C32A124558000D2D14 /* Cache.swift */; };
		E404C0C62A124558000D2D14 /* Locations.swift in Sources */ = {isa = PBXBuildFile; fileRef = E404C0C42A124558000D2D14 /* Locations.swift */; };
		E40663E02A1CB77100AA3BC1 /* Groups.swift in Sources */ = {isa = PBXBuildFile; fileRef = E40663DF2A1CB77100AA3BC1 /* Groups.swift */; };
		E40663E22A1CC2AF00AA3BC1 /* (null) in Sources */ = {isa = PBXBuildFile; };
		E465C7C62A1CC9E600B7465B /* UpdateGroups.swift in Sources */ = {isa = PBXBuildFile; fileRef = E465C7C52A1CC9E600B7465B /* UpdateGroups.swift */; };
/* End PBXBuildFile section */

/* Begin PBXContainerItemProxy section */
		8421B0752165BBB90041A53A /* PBXContainerItemProxy */ = {
			isa = PBXContainerItemProxy;
			containerPortal = 8421B0582165BBB80041A53A /* Project object */;
			proxyType = 1;
			remoteGlobalIDString = 8421B05F2165BBB80041A53A;
			remoteInfo = LocationApp;
		};
		8421B0802165BBB90041A53A /* PBXContainerItemProxy */ = {
			isa = PBXContainerItemProxy;
			containerPortal = 8421B0582165BBB80041A53A /* Project object */;
			proxyType = 1;
			remoteGlobalIDString = 8421B05F2165BBB80041A53A;
			remoteInfo = LocationApp;
		};
/* End PBXContainerItemProxy section */

/* Begin PBXFileReference section */
		449A7E9C271341B2005AF1F7 /* LocationRecordCacheItem.swift */ = {isa = PBXFileReference; lastKnownFileType = sourcecode.swift; path = LocationRecordCacheItem.swift; sourceTree = "<group>"; };
		5A38B45B2A5D790700489795 /* PhotoViewController.swift */ = {isa = PBXFileReference; lastKnownFileType = sourcecode.swift; path = PhotoViewController.swift; sourceTree = "<group>"; };
		5A5EFD712A306ED500547EB8 /* SettingsService.swift */ = {isa = PBXFileReference; fileEncoding = 4; lastKnownFileType = sourcecode.swift; path = SettingsService.swift; sourceTree = "<group>"; };
		5A5EFD722A306ED500547EB8 /* DIContainer.swift */ = {isa = PBXFileReference; fileEncoding = 4; lastKnownFileType = sourcecode.swift; path = DIContainer.swift; sourceTree = "<group>"; };
		5A5EFD732A306ED500547EB8 /* Settings.swift */ = {isa = PBXFileReference; fileEncoding = 4; lastKnownFileType = sourcecode.swift; path = Settings.swift; sourceTree = "<group>"; };
		5ABDFBF82A273AD50059C0D8 /* DosimetersViewController.swift */ = {isa = PBXFileReference; lastKnownFileType = sourcecode.swift; path = DosimetersViewController.swift; sourceTree = "<group>"; };
		5AC96E0F2A2E07330022068C /* BackupLocations.swift */ = {isa = PBXFileReference; lastKnownFileType = sourcecode.swift; path = BackupLocations.swift; sourceTree = "<group>"; };
		5AC96E112A2E09F10022068C /* RestoreLocation.swift */ = {isa = PBXFileReference; lastKnownFileType = sourcecode.swift; path = RestoreLocation.swift; sourceTree = "<group>"; };
		5C7925A022DE9B1900B981B2 /* LocationDetails.swift */ = {isa = PBXFileReference; lastKnownFileType = sourcecode.swift; path = LocationDetails.swift; sourceTree = "<group>"; };
		5CF01FDD22D92F19004604BC /* ToolsViewController.swift */ = {isa = PBXFileReference; lastKnownFileType = sourcecode.swift; path = ToolsViewController.swift; sourceTree = "<group>"; };
		DA20260611000000000000A1 /* DeleteOldCyclesViewController.swift */ = {isa = PBXFileReference; lastKnownFileType = sourcecode.swift; path = DeleteOldCyclesViewController.swift; sourceTree = "<group>"; };
		5CFF888A22CAA5B700611F60 /* ActiveLocations.swift */ = {isa = PBXFileReference; lastKnownFileType = sourcecode.swift; path = ActiveLocations.swift; sourceTree = "<group>"; };
		5E4D12732A2776E9002E4D91 /* Slac.swift */ = {isa = PBXFileReference; lastKnownFileType = sourcecode.swift; path = Slac.swift; sourceTree = "<group>"; };
		5E660CC02A3AFD1F00BC6983 /* AudioPlayer.swift */ = {isa = PBXFileReference; lastKnownFileType = sourcecode.swift; path = AudioPlayer.swift; sourceTree = "<group>"; };
		79A5CB14270E77E9007309EF /* DebugLocations.swift */ = {isa = PBXFileReference; lastKnownFileType = sourcecode.swift; path = DebugLocations.swift; sourceTree = "<group>"; };
		8409448821CC539900C4EA28 /* TODO.swift */ = {isa = PBXFileReference; lastKnownFileType = sourcecode.swift; path = TODO.swift; sourceTree = "<group>"; };
		8409F52322022A3900B78BCC /* Queries.swift */ = {isa = PBXFileReference; lastKnownFileType = sourcecode.swift; path = Queries.swift; sourceTree = "<group>"; };
		8421B0602165BBB80041A53A /* LocationApp.app */ = {isa = PBXFileReference; explicitFileType = wrapper.application; includeInIndex = 0; path = LocationApp.app; sourceTree = BUILT_PRODUCTS_DIR; };
		8421B0632165BBB80041A53A /* AppDelegate.swift */ = {isa = PBXFileReference; lastKnownFileType = sourcecode.swift; path = AppDelegate.swift; sourceTree = "<group>"; };
		8421B0682165BBB80041A53A /* Base */ = {isa = PBXFileReference; lastKnownFileType = file.storyboard; name = Base; path = Base.lproj/Main.storyboard; sourceTree = "<group>"; };
		8421B06A2165BBB90041A53A /* Assets.xcassets */ = {isa = PBXFileReference; lastKnownFileType = folder.assetcatalog; path = Assets.xcassets; sourceTree = "<group>"; };
		8421B06D2165BBB90041A53A /* Base */ = {isa = PBXFileReference; lastKnownFileType = file.storyboard; name = Base; path = Base.lproj/LaunchScreen.storyboard; sourceTree = "<group>"; };
		8421B06F2165BBB90041A53A /* Info.plist */ = {isa = PBXFileReference; lastKnownFileType = text.plist.xml; path = Info.plist; sourceTree = "<group>"; };
		8421B0742165BBB90041A53A /* LocationAppTests.xctest */ = {isa = PBXFileReference; explicitFileType = wrapper.cfbundle; includeInIndex = 0; path = LocationAppTests.xctest; sourceTree = BUILT_PRODUCTS_DIR; };
		8421B0782165BBB90041A53A /* LocationAppTests.swift */ = {isa = PBXFileReference; lastKnownFileType = sourcecode.swift; path = LocationAppTests.swift; sourceTree = "<group>"; };
		8421B07A2165BBB90041A53A /* Info.plist */ = {isa = PBXFileReference; lastKnownFileType = text.plist.xml; path = Info.plist; sourceTree = "<group>"; };
		8421B07F2165BBB90041A53A /* LocationAppUITests.xctest */ = {isa = PBXFileReference; explicitFileType = wrapper.cfbundle; includeInIndex = 0; path = LocationAppUITests.xctest; sourceTree = BUILT_PRODUCTS_DIR; };
		8421B0832165BBB90041A53A /* LocationAppUITests.swift */ = {isa = PBXFileReference; lastKnownFileType = sourcecode.swift; path = LocationAppUITests.swift; sourceTree = "<group>"; };
		8421B0852165BBB90041A53A /* Info.plist */ = {isa = PBXFileReference; lastKnownFileType = text.plist.xml; path = Info.plist; sourceTree = "<group>"; };
		8434D57A25956DE800B2E413 /* RepairCycleDate.swift */ = {isa = PBXFileReference; fileEncoding = 4; lastKnownFileType = sourcecode.swift; path = RepairCycleDate.swift; sourceTree = "<group>"; };
		8434D57F25957C9300B2E413 /* Data_File.csv */ = {isa = PBXFileReference; fileEncoding = 4; lastKnownFileType = text; path = Data_File.csv; sourceTree = "<group>"; };
		84505D1B2231DE41009551BC /* scannerbeep.mp3 */ = {isa = PBXFileReference; lastKnownFileType = audio.mp3; path = scannerbeep.mp3; sourceTree = "<group>"; };
		84571FE4258FE29C009AC936 /* BriefCase.swift */ = {isa = PBXFileReference; lastKnownFileType = sourcecode.swift; path = BriefCase.swift; sourceTree = "<group>"; };
		845F2E5E221C62E200A48C1A /* Reachability.swift */ = {isa = PBXFileReference; fileEncoding = 4; lastKnownFileType = sourcecode.swift; path = Reachability.swift; sourceTree = "<group>"; };
		846606C021AA3CA00049814C /* ReadWriteText.swift */ = {isa = PBXFileReference; lastKnownFileType = sourcecode.swift; path = ReadWriteText.swift; sourceTree = "<group>"; };
		846606C221AA5C380049814C /* MapViewController.swift */ = {isa = PBXFileReference; lastKnownFileType = sourcecode.swift; path = MapViewController.swift; sourceTree = "<group>"; };
		846D6B4F2170160E008E003D /* LocationApp.entitlements */ = {isa = PBXFileReference; lastKnownFileType = text.plist.entitlements; path = LocationApp.entitlements; sourceTree = "<group>"; };
		84712D572597C874006F31E4 /* Briefcase.csv */ = {isa = PBXFileReference; lastKnownFileType = text; path = Briefcase.csv; sourceTree = "<group>"; };
		84712D612597C9FA006F31E4 /* Version 1.2 Briefcase Flowchart.pdf */ = {isa = PBXFileReference; lastKnownFileType = image.pdf; path = "Version 1.2 Briefcase Flowchart.pdf"; sourceTree = "<group>"; };
		8487FE2D21A8F4E000CC62E8 /* ScannerViewController.swift */ = {isa = PBXFileReference; lastKnownFileType = sourcecode.swift; path = ScannerViewController.swift; sourceTree = "<group>"; };
		8487FE2F21A8F9C700CC62E8 /* StartupViewController.swift */ = {isa = PBXFileReference; lastKnownFileType = sourcecode.swift; path = StartupViewController.swift; sourceTree = "<group>"; };
		8487FE3121A9153100CC62E8 /* DatabaseContents.rtf */ = {isa = PBXFileReference; lastKnownFileType = text.rtf; path = DatabaseContents.rtf; sourceTree = "<group>"; };
		848FE73C21750F320030AB30 /* CloudKit.framework */ = {isa = PBXFileReference; lastKnownFileType = wrapper.framework; name = CloudKit.framework; path = System/Library/Frameworks/CloudKit.framework; sourceTree = SDKROOT; };
		84A6671321E7162200FC1892 /* Artwork.swift */ = {isa = PBXFileReference; lastKnownFileType = sourcecode.swift; path = Artwork.swift; sourceTree = "<group>"; };
		84AA30E22234DE2700F07697 /* Inlight.jpg */ = {isa = PBXFileReference; lastKnownFileType = image.jpeg; path = Inlight.jpg; sourceTree = "<group>"; };
		84AA30E422356ABE00F07697 /* beep-5.wav */ = {isa = PBXFileReference; lastKnownFileType = audio.wav; path = "beep-5.wav"; sourceTree = "<group>"; };
		84AA30E622356BEE00F07697 /* QRCodeImage.png */ = {isa = PBXFileReference; lastKnownFileType = image.png; path = QRCodeImage.png; sourceTree = "<group>"; };
		84AB348223149F6100C7F99A /* Scanner Logic 1.png */ = {isa = PBXFileReference; lastKnownFileType = image.png; path = "Scanner Logic 1.png"; sourceTree = "<group>"; };
		84AB348323149F6100C7F99A /* Alerts.png */ = {isa = PBXFileReference; lastKnownFileType = image.png; path = Alerts.png; sourceTree = "<group>"; };
		84AB348423149F6100C7F99A /* Scanner Logic 2.png */ = {isa = PBXFileReference; lastKnownFileType = image.png; path = "Scanner Logic 2.png"; sourceTree = "<group>"; };
		84B58D4C21FD69C80013D5F3 /* UploadToCloud.swift */ = {isa = PBXFileReference; lastKnownFileType = sourcecode.swift; path = UploadToCloud.swift; sourceTree = "<group>"; };
		84E09F1F21AA609B000CE8E2 /* MapKit.framework */ = {isa = PBXFileReference; lastKnownFileType = wrapper.framework; name = MapKit.framework; path = System/Library/Frameworks/MapKit.framework; sourceTree = SDKROOT; };
		84F477952167173A00A63336 /* LocationApp.xcdatamodel */ = {isa = PBXFileReference; lastKnownFileType = wrapper.xcdatamodel; path = LocationApp.xcdatamodel; sourceTree = "<group>"; };
		84F5ED6621B2024900381E76 /* RecordsUpdate.swift */ = {isa = PBXFileReference; lastKnownFileType = sourcecode.swift; path = RecordsUpdate.swift; sourceTree = "<group>"; };
		84F9180122211C9B00D25634 /* NearestDosimeters.swift */ = {isa = PBXFileReference; lastKnownFileType = sourcecode.swift; path = NearestDosimeters.swift; sourceTree = "<group>"; };
		E404C0C32A124558000D2D14 /* Cache.swift */ = {isa = PBXFileReference; fileEncoding = 4; lastKnownFileType = sourcecode.swift; path = Cache.swift; sourceTree = "<group>"; };
		E404C0C42A124558000D2D14 /* Locations.swift */ = {isa = PBXFileReference; fileEncoding = 4; lastKnownFileType = sourcecode.swift; path = Locations.swift; sourceTree = "<group>"; };
		E40663DF2A1CB77100AA3BC1 /* Groups.swift */ = {isa = PBXFileReference; lastKnownFileType = sourcecode.swift; path = Groups.swift; sourceTree = "<group>"; };
		E465C7C52A1CC9E600B7465B /* UpdateGroups.swift */ = {isa = PBXFileReference; fileEncoding = 4; lastKnownFileType = sourcecode.swift; path = UpdateGroups.swift; sourceTree = "<group>"; };
/* End PBXFileReference section */

/* Begin PBXFrameworksBuildPhase section */
		8421B05D2165BBB80041A53A /* Frameworks */ = {
			isa = PBXFrameworksBuildPhase;
			buildActionMask = 2147483647;
			files = (
				84E09F2021AA609B000CE8E2 /* MapKit.framework in Frameworks */,
				848FE73D21750F320030AB30 /* CloudKit.framework in Frameworks */,
			);
			runOnlyForDeploymentPostprocessing = 0;
		};
		8421B0712165BBB90041A53A /* Frameworks */ = {
			isa = PBXFrameworksBuildPhase;
			buildActionMask = 2147483647;
			files = (
			);
			runOnlyForDeploymentPostprocessing = 0;
		};
		8421B07C2165BBB90041A53A /* Frameworks */ = {
			isa = PBXFrameworksBuildPhase;
			buildActionMask = 2147483647;
			files = (
			);
			runOnlyForDeploymentPostprocessing = 0;
		};
/* End PBXFrameworksBuildPhase section */

/* Begin PBXGroup section */
		449A7E9E27135171005AF1F7 /* Location Cache */ = {
			isa = PBXGroup;
			children = (
				5A5EFD722A306ED500547EB8 /* DIContainer.swift */,
				5A5EFD732A306ED500547EB8 /* Settings.swift */,
				5A5EFD712A306ED500547EB8 /* SettingsService.swift */,
				E404C0C32A124558000D2D14 /* Cache.swift */,
				E404C0C42A124558000D2D14 /* Locations.swift */,
				449A7E9C271341B2005AF1F7 /* LocationRecordCacheItem.swift */,
				E40663DF2A1CB77100AA3BC1 /* Groups.swift */,
				5AC96E0F2A2E07330022068C /* BackupLocations.swift */,
			);
			path = "Location Cache";
			sourceTree = "<group>";
		};
		79A5CB13270E7788007309EF /* Utility */ = {
			isa = PBXGroup;
			children = (
				79A5CB14270E77E9007309EF /* DebugLocations.swift */,
			);
			path = Utility;
			sourceTree = "<group>";
		};
		8409F52522022A4300B78BCC /* Database Interactions */ = {
			isa = PBXGroup;
			children = (
				8409F52322022A3900B78BCC /* Queries.swift */,
			);
			path = "Database Interactions";
			sourceTree = "<group>";
		};
		8421B0572165BBB80041A53A = {
			isa = PBXGroup;
			children = (
				E49CBDB52A0CF3B1009C4F49 /* CloudKit */,
				84505D1D2231DEAD009551BC /* Other Asseets */,
				8409F52522022A4300B78BCC /* Database Interactions */,
				84673C5521FF864C00680EAB /* Utility View */,
				8421B0622165BBB80041A53A /* LocationApp */,
				449A7E9E27135171005AF1F7 /* Location Cache */,
				845D9FAE21E7F6CF00A11C0B /* Scanner */,
				845D9FAF21E7F71A00A11C0B /* Text File */,
				845D9FAD21E7F66F00A11C0B /* Map */,
				84B58D5021FD7F580013D5F3 /* Populate Database */,
				8421B0772165BBB90041A53A /* LocationAppTests */,
				8421B0822165BBB90041A53A /* LocationAppUITests */,
				79A5CB13270E7788007309EF /* Utility */,
				8421B0612165BBB80041A53A /* Products */,
				846D6B502170161A008E003D /* Frameworks */,
			);
			sourceTree = "<group>";
		};
		8421B0612165BBB80041A53A /* Products */ = {
			isa = PBXGroup;
			children = (
				8421B0602165BBB80041A53A /* LocationApp.app */,
				8421B0742165BBB90041A53A /* LocationAppTests.xctest */,
				8421B07F2165BBB90041A53A /* LocationAppUITests.xctest */,
			);
			name = Products;
			sourceTree = "<group>";
		};
		8421B0622165BBB80041A53A /* LocationApp */ = {
			isa = PBXGroup;
			children = (
				8421B0672165BBB80041A53A /* Main.storyboard */,
				8487FE2F21A8F9C700CC62E8 /* StartupViewController.swift */,
				84F9180122211C9B00D25634 /* NearestDosimeters.swift */,
				8421B0632165BBB80041A53A /* AppDelegate.swift */,
				8409448821CC539900C4EA28 /* TODO.swift */,
				845F2E5E221C62E200A48C1A /* Reachability.swift */,
				8421B06C2165BBB90041A53A /* LaunchScreen.storyboard */,
				8421B06F2165BBB90041A53A /* Info.plist */,
				846D6B4F2170160E008E003D /* LocationApp.entitlements */,
				8421B06A2165BBB90041A53A /* Assets.xcassets */,
				84F477942167173A00A63336 /* LocationApp.xcdatamodeld */,
				8487FE3121A9153100CC62E8 /* DatabaseContents.rtf */,
				5A38B45B2A5D790700489795 /* PhotoViewController.swift */,
			);
			path = LocationApp;
			sourceTree = "<group>";
		};
		8421B0772165BBB90041A53A /* LocationAppTests */ = {
			isa = PBXGroup;
			children = (
				8421B0782165BBB90041A53A /* LocationAppTests.swift */,
				8421B07A2165BBB90041A53A /* Info.plist */,
			);
			path = LocationAppTests;
			sourceTree = "<group>";
		};
		8421B0822165BBB90041A53A /* LocationAppUITests */ = {
			isa = PBXGroup;
			children = (
				8421B0832165BBB90041A53A /* LocationAppUITests.swift */,
				8421B0852165BBB90041A53A /* Info.plist */,
			);
			path = LocationAppUITests;
			sourceTree = "<group>";
		};
		84505D1D2231DEAD009551BC /* Other Asseets */ = {
			isa = PBXGroup;
			children = (
				84712D612597C9FA006F31E4 /* Version 1.2 Briefcase Flowchart.pdf */,
				8434D57F25957C9300B2E413 /* Data_File.csv */,
				84AB348323149F6100C7F99A /* Alerts.png */,
				84AB348223149F6100C7F99A /* Scanner Logic 1.png */,
				84AB348423149F6100C7F99A /* Scanner Logic 2.png */,
				84505D1B2231DE41009551BC /* scannerbeep.mp3 */,
				84AA30E422356ABE00F07697 /* beep-5.wav */,
				84AA30E622356BEE00F07697 /* QRCodeImage.png */,
				84712D572597C874006F31E4 /* Briefcase.csv */,
				84AA30E22234DE2700F07697 /* Inlight.jpg */,
			);
			path = "Other Asseets";
			sourceTree = "<group>";
		};
		845D9FAD21E7F66F00A11C0B /* Map */ = {
			isa = PBXGroup;
			children = (
				846606C221AA5C380049814C /* MapViewController.swift */,
				84A6671321E7162200FC1892 /* Artwork.swift */,
			);
			path = Map;
			sourceTree = "<group>";
		};
		845D9FAE21E7F6CF00A11C0B /* Scanner */ = {
			isa = PBXGroup;
			children = (
				8487FE2D21A8F4E000CC62E8 /* ScannerViewController.swift */,
				84F5ED6621B2024900381E76 /* RecordsUpdate.swift */,
				5E4D12732A2776E9002E4D91 /* Slac.swift */,
				5E660CC02A3AFD1F00BC6983 /* AudioPlayer.swift */,
			);
			path = Scanner;
			sourceTree = "<group>";
		};
		845D9FAF21E7F71A00A11C0B /* Text File */ = {
			isa = PBXGroup;
			children = (
				846606C021AA3CA00049814C /* ReadWriteText.swift */,
			);
			path = "Text File";
			sourceTree = "<group>";
		};
		84673C5521FF864C00680EAB /* Utility View */ = {
			isa = PBXGroup;
			children = (
				5CF01FDD22D92F19004604BC /* ToolsViewController.swift */,
				DA20260611000000000000A1 /* DeleteOldCyclesViewController.swift */,
				84571FE4258FE29C009AC936 /* BriefCase.swift */,
				5CFF888A22CAA5B700611F60 /* ActiveLocations.swift */,
				5C7925A022DE9B1900B981B2 /* LocationDetails.swift */,
				5ABDFBF82A273AD50059C0D8 /* DosimetersViewController.swift */,
			);
			path = "Utility View";
			sourceTree = "<group>";
		};
		846D6B502170161A008E003D /* Frameworks */ = {
			isa = PBXGroup;
			children = (
				84E09F1F21AA609B000CE8E2 /* MapKit.framework */,
				848FE73C21750F320030AB30 /* CloudKit.framework */,
			);
			name = Frameworks;
			sourceTree = "<group>";
		};
		84B58D5021FD7F580013D5F3 /* Populate Database */ = {
			isa = PBXGroup;
			children = (
				E465C7C52A1CC9E600B7465B /* UpdateGroups.swift */,
				84B58D4C21FD69C80013D5F3 /* UploadToCloud.swift */,
				8434D57A25956DE800B2E413 /* RepairCycleDate.swift */,
				5AC96E112A2E09F10022068C /* RestoreLocation.swift */,
			);
			path = "Populate Database";
			sourceTree = "<group>";
		};
		E49CBDB52A0CF3B1009C4F49 /* CloudKit */ = {
			isa = PBXGroup;
			children = (
			);
			path = CloudKit;
			sourceTree = "<group>";
		};
/* End PBXGroup section */

/* Begin PBXNativeTarget section */
		8421B05F2165BBB80041A53A /* LocationApp */ = {
			isa = PBXNativeTarget;
			buildConfigurationList = 8421B0882165BBB90041A53A /* Build configuration list for PBXNativeTarget "LocationApp" */;
			buildPhases = (
				8421B05C2165BBB80041A53A /* Sources */,
				8421B05D2165BBB80041A53A /* Frameworks */,
				8421B05E2165BBB80041A53A /* Resources */,
			);
			buildRules = (
			);
			dependencies = (
			);
			name = LocationApp;
			productName = LocationApp;
			productReference = 8421B0602165BBB80041A53A /* LocationApp.app */;
			productType = "com.apple.product-type.application";
		};
		8421B0732165BBB90041A53A /* LocationAppTests */ = {
			isa = PBXNativeTarget;
			buildConfigurationList = 8421B08B2165BBB90041A53A /* Build configuration list for PBXNativeTarget "LocationAppTests" */;
			buildPhases = (
				8421B0702165BBB90041A53A /* Sources */,
				8421B0712165BBB90041A53A /* Frameworks */,
				8421B0722165BBB90041A53A /* Resources */,
			);
			buildRules = (
			);
			dependencies = (
				8421B0762165BBB90041A53A /* PBXTargetDependency */,
			);
			name = LocationAppTests;
			productName = LocationAppTests;
			productReference = 8421B0742165BBB90041A53A /* LocationAppTests.xctest */;
			productType = "com.apple.product-type.bundle.unit-test";
		};
		8421B07E2165BBB90041A53A /* LocationAppUITests */ = {
			isa = PBXNativeTarget;
			buildConfigurationList = 8421B08E2165BBB90041A53A /* Build configuration list for PBXNativeTarget "LocationAppUITests" */;
			buildPhases = (
				8421B07B2165BBB90041A53A /* Sources */,
				8421B07C2165BBB90041A53A /* Frameworks */,
				8421B07D2165BBB90041A53A /* Resources */,
			);
			buildRules = (
			);
			dependencies = (
				8421B0812165BBB90041A53A /* PBXTargetDependency */,
			);
			name = LocationAppUITests;
			productName = LocationAppUITests;
			productReference = 8421B07F2165BBB90041A53A /* LocationAppUITests.xctest */;
			productType = "com.apple.product-type.bundle.ui-testing";
		};
/* End PBXNativeTarget section */

/* Begin PBXProject section */
		8421B0582165BBB80041A53A /* Project object */ = {
			isa = PBXProject;
			attributes = {
				BuildIndependentTargetsInParallel = YES;
				LastSwiftUpdateCheck = 1000;
				LastUpgradeCheck = 1430;
				ORGANIZATIONNAME = "Ford, Ryan M.";
				TargetAttributes = {
					8421B05F2165BBB80041A53A = {
						CreatedOnToolsVersion = 10.0;
						LastSwiftMigration = 1020;
						SystemCapabilities = {
							com.apple.Maps.iOS = {
								enabled = 1;
							};
							com.apple.Push = {
								enabled = 1;
							};
							com.apple.iCloud = {
								enabled = 1;
							};
						};
					};
					8421B0732165BBB90041A53A = {
						CreatedOnToolsVersion = 10.0;
						LastSwiftMigration = 1020;
						TestTargetID = 8421B05F2165BBB80041A53A;
					};
					8421B07E2165BBB90041A53A = {
						CreatedOnToolsVersion = 10.0;
						LastSwiftMigration = 1020;
						TestTargetID = 8421B05F2165BBB80041A53A;
					};
				};
			};
			buildConfigurationList = 8421B05B2165BBB80041A53A /* Build configuration list for PBXProject "LocationApp" */;
			compatibilityVersion = "Xcode 9.3";
			developmentRegion = en;
			hasScannedForEncodings = 0;
			knownRegions = (
				en,
				Base,
			);
			mainGroup = 8421B0572165BBB80041A53A;
			productRefGroup = 8421B0612165BBB80041A53A /* Products */;
			projectDirPath = "";
			projectRoot = "";
			targets = (
				8421B05F2165BBB80041A53A /* LocationApp */,
				8421B0732165BBB90041A53A /* LocationAppTests */,
				8421B07E2165BBB90041A53A /* LocationAppUITests */,
			);
		};
/* End PBXProject section */

/* Begin PBXResourcesBuildPhase section */
		8421B05E2165BBB80041A53A /* Resources */ = {
			isa = PBXResourcesBuildPhase;
			buildActionMask = 2147483647;
			files = (
				84712D582597C874006F31E4 /* Briefcase.csv in Resources */,
				8421B06E2165BBB90041A53A /* LaunchScreen.storyboard in Resources */,
				84AA30E32234DE2700F07697 /* Inlight.jpg in Resources */,
				8434D58025957C9300B2E413 /* Data_File.csv in Resources */,
				84AB348523149F6100C7F99A /* Scanner Logic 1.png in Resources */,
				84505D1C2231DE41009551BC /* scannerbeep.mp3 in Resources */,
				8487FE3221A9153100CC62E8 /* DatabaseContents.rtf in Resources */,
				84AA30E522356ABF00F07697 /* beep-5.wav in Resources */,
				84AB348723149F6100C7F99A /* Scanner Logic 2.png in Resources */,
				8421B06B2165BBB90041A53A /* Assets.xcassets in Resources */,
				8421B0692165BBB80041A53A /* Main.storyboard in Resources */,
				84712D622597C9FA006F31E4 /* Version 1.2 Briefcase Flowchart.pdf in Resources */,
				84AB348623149F6100C7F99A /* Alerts.png in Resources */,
				84AA30E722356BEE00F07697 /* QRCodeImage.png in Resources */,
			);
			runOnlyForDeploymentPostprocessing = 0;
		};
		8421B0722165BBB90041A53A /* Resources */ = {
			isa = PBXResourcesBuildPhase;
			buildActionMask = 2147483647;
			files = (
			);
			runOnlyForDeploymentPostprocessing = 0;
		};
		8421B07D2165BBB90041A53A /* Resources */ = {
			isa = PBXResourcesBuildPhase;
			buildActionMask = 2147483647;
			files = (
			);
			runOnlyForDeploymentPostprocessing = 0;
		};
/* End PBXResourcesBuildPhase section */

/* Begin PBXSourcesBuildPhase section */
		8421B05C2165BBB80041A53A /* Sources */ = {
			isa = PBXSourcesBuildPhase;
			buildActionMask = 2147483647;
			files = (
				E40663E22A1CC2AF00AA3BC1 /* (null) in Sources */,
				5A5EFD752A306ED500547EB8 /* DIContainer.swift in Sources */,
				E404C0C52A124558000D2D14 /* Cache.swift in Sources */,
				5CF01FDE22D92F19004604BC /* ToolsViewController.swift in Sources */,
				DA20260611000000000000A2 /* DeleteOldCyclesViewController.swift in Sources */,
				84F477962167173A00A63336 /* LocationApp.xcdatamodeld in Sources */,
				E465C7C62A1CC9E600B7465B /* UpdateGroups.swift in Sources */,
				84B58D4D21FD69C80013D5F3 /* UploadToCloud.swift in Sources */,
				84A6671421E7162200FC1892 /* Artwork.swift in Sources */,
				E404C0C62A124558000D2D14 /* Locations.swift in Sources */,
				5AC96E102A2E07330022068C /* BackupLocations.swift in Sources */,
				5AC96E122A2E09F10022068C /* RestoreLocation.swift in Sources */,
				84571FE5258FE29C009AC936 /* BriefCase.swift in Sources */,
				84F9180222211C9B00D25634 /* NearestDosimeters.swift in Sources */,
				79A5CB15270E77E9007309EF /* DebugLocations.swift in Sources */,
				8487FE2E21A8F4E000CC62E8 /* ScannerViewController.swift in Sources */,
				8434D57B25956DE800B2E413 /* RepairCycleDate.swift in Sources */,
				5E660CC12A3AFD1F00BC6983 /* AudioPlayer.swift in Sources */,
				5A38B45C2A5D790700489795 /* PhotoViewController.swift in Sources */,
				449A7E9D271341B2005AF1F7 /* LocationRecordCacheItem.swift in Sources */,
				846606C121AA3CA00049814C /* ReadWriteText.swift in Sources */,
				8487FE3021A8F9C700CC62E8 /* StartupViewController.swift in Sources */,
				5E4D12742A2776E9002E4D91 /* Slac.swift in Sources */,
				5A5EFD742A306ED500547EB8 /* SettingsService.swift in Sources */,
				5A5EFD762A306ED500547EB8 /* Settings.swift in Sources */,
				5AA25D132A2890B000F16014 /* (null) in Sources */,
				8409448921CC539900C4EA28 /* TODO.swift in Sources */,
				845F2E5F221C62E200A48C1A /* Reachability.swift in Sources */,
				8421B0642165BBB80041A53A /* AppDelegate.swift in Sources */,
				5AA25D172A2899F100F16014 /* (null) in Sources */,
				5AA25D152A2892AA00F16014 /* (null) in Sources */,
				5CFF888B22CAA5B700611F60 /* ActiveLocations.swift in Sources */,
				8409F52422022A3900B78BCC /* Queries.swift in Sources */,
				5C7925A122DE9B1900B981B2 /* LocationDetails.swift in Sources */,
				5ABDFBF92A273AD50059C0D8 /* DosimetersViewController.swift in Sources */,
				84F5ED6721B2024900381E76 /* RecordsUpdate.swift in Sources */,
				846606C321AA5C380049814C /* MapViewController.swift in Sources */,
				E40663E02A1CB77100AA3BC1 /* Groups.swift in Sources */,
			);
			runOnlyForDeploymentPostprocessing = 0;
		};
		8421B0702165BBB90041A53A /* Sources */ = {
			isa = PBXSourcesBuildPhase;
			buildActionMask = 2147483647;
			files = (
				8421B0792165BBB90041A53A /* LocationAppTests.swift in Sources */,
			);
			runOnlyForDeploymentPostprocessing = 0;
		};
		8421B07B2165BBB90041A53A /* Sources */ = {
			isa = PBXSourcesBuildPhase;
			buildActionMask = 2147483647;
			files = (
				8421B0842165BBB90041A53A /* LocationAppUITests.swift in Sources */,
			);
			runOnlyForDeploymentPostprocessing = 0;
		};
/* End PBXSourcesBuildPhase section */

/* Begin PBXTargetDependency section */
		8421B0762165BBB90041A53A /* PBXTargetDependency */ = {
			isa = PBXTargetDependency;
			target = 8421B05F2165BBB80041A53A /* LocationApp */;
			targetProxy = 8421B0752165BBB90041A53A /* PBXContainerItemProxy */;
		};
		8421B0812165BBB90041A53A /* PBXTargetDependency */ = {
			isa = PBXTargetDependency;
			target = 8421B05F2165BBB80041A53A /* LocationApp */;
			targetProxy = 8421B0802165BBB90041A53A /* PBXContainerItemProxy */;
		};
/* End PBXTargetDependency section */

/* Begin PBXVariantGroup section */
		8421B0672165BBB80041A53A /* Main.storyboard */ = {
			isa = PBXVariantGroup;
			children = (
				8421B0682165BBB80041A53A /* Base */,
			);
			name = Main.storyboard;
			sourceTree = "<group>";
		};
		8421B06C2165BBB90041A53A /* LaunchScreen.storyboard */ = {
			isa = PBXVariantGroup;
			children = (
				8421B06D2165BBB90041A53A /* Base */,
			);
			name = LaunchScreen.storyboard;
			sourceTree = "<group>";
		};
/* End PBXVariantGroup section */

/* Begin XCBuildConfiguration section */
		8421B0862165BBB90041A53A /* Debug */ = {
			isa = XCBuildConfiguration;
			buildSettings = {
				CLANG_ANALYZER_NONNULL = YES;
				CLANG_ANALYZER_NUMBER_OBJECT_CONVERSION = YES_AGGRESSIVE;
				CLANG_CXX_LANGUAGE_STANDARD = "gnu++14";
				CLANG_CXX_LIBRARY = "libc++";
				CLANG_ENABLE_MODULES = YES;
				CLANG_ENABLE_OBJC_ARC = YES;
				CLANG_ENABLE_OBJC_WEAK = YES;
				CLANG_WARN_BLOCK_CAPTURE_AUTORELEASING = YES;
				CLANG_WARN_BOOL_CONVERSION = YES;
				CLANG_WARN_COMMA = YES;
				CLANG_WARN_CONSTANT_CONVERSION = YES;
				CLANG_WARN_DEPRECATED_OBJC_IMPLEMENTATIONS = YES;
				CLANG_WARN_DIRECT_OBJC_ISA_USAGE = YES_ERROR;
				CLANG_WARN_DOCUMENTATION_COMMENTS = YES;
				CLANG_WARN_EMPTY_BODY = YES;
				CLANG_WARN_ENUM_CONVERSION = YES;
				CLANG_WARN_INFINITE_RECURSION = YES;
				CLANG_WARN_INT_CONVERSION = YES;
				CLANG_WARN_NON_LITERAL_NULL_CONVERSION = YES;
				CLANG_WARN_OBJC_IMPLICIT_RETAIN_SELF = YES;
				CLANG_WARN_OBJC_LITERAL_CONVERSION = YES;
				CLANG_WARN_OBJC_ROOT_CLASS = YES_ERROR;
				CLANG_WARN_QUOTED_INCLUDE_IN_FRAMEWORK_HEADER = YES;
				CLANG_WARN_RANGE_LOOP_ANALYSIS = YES;
				CLANG_WARN_STRICT_PROTOTYPES = YES;
				CLANG_WARN_SUSPICIOUS_MOVE = YES;
				CLANG_WARN_UNGUARDED_AVAILABILITY = YES_AGGRESSIVE;
				CLANG_WARN_UNREACHABLE_CODE = YES;
				CLANG_WARN__DUPLICATE_METHOD_MATCH = YES;
				CODE_SIGN_ALLOW_ENTITLEMENTS_MODIFICATION = YES;
				COPY_PHASE_STRIP = NO;
				DEBUG_INFORMATION_FORMAT = dwarf;
				DEVELOPMENT_TEAM = KHM26R2G73;
				ENABLE_STRICT_OBJC_MSGSEND = YES;
				ENABLE_TESTABILITY = YES;
				GCC_C_LANGUAGE_STANDARD = gnu11;
				GCC_DYNAMIC_NO_PIC = NO;
				GCC_NO_COMMON_BLOCKS = YES;
				GCC_OPTIMIZATION_LEVEL = 0;
				GCC_PREPROCESSOR_DEFINITIONS = (
					"DEBUG=1",
					"$(inherited)",
				);
				GCC_WARN_64_TO_32_BIT_CONVERSION = YES;
				GCC_WARN_ABOUT_RETURN_TYPE = YES_ERROR;
				GCC_WARN_UNDECLARED_SELECTOR = YES;
				GCC_WARN_UNINITIALIZED_AUTOS = YES_AGGRESSIVE;
				GCC_WARN_UNUSED_FUNCTION = YES;
				GCC_WARN_UNUSED_VARIABLE = YES;
				IPHONEOS_DEPLOYMENT_TARGET = 16.0;
				MTL_ENABLE_DEBUG_INFO = INCLUDE_SOURCE;
				MTL_FAST_MATH = YES;
				ONLY_ACTIVE_ARCH = YES;
				SDKROOT = iphoneos;
				SWIFT_ACTIVE_COMPILATION_CONDITIONS = DEBUG;
				SWIFT_OPTIMIZATION_LEVEL = "-Onone";
			};
			name = Debug;
		};
		8421B0872165BBB90041A53A /* Release */ = {
			isa = XCBuildConfiguration;
			buildSettings = {
				CLANG_ANALYZER_NONNULL = YES;
				CLANG_ANALYZER_NUMBER_OBJECT_CONVERSION = YES_AGGRESSIVE;
				CLANG_CXX_LANGUAGE_STANDARD = "gnu++14";
				CLANG_CXX_LIBRARY = "libc++";
				CLANG_ENABLE_MODULES = YES;
				CLANG_ENABLE_OBJC_ARC = YES;
				CLANG_ENABLE_OBJC_WEAK = YES;
				CLANG_WARN_BLOCK_CAPTURE_AUTORELEASING = YES;
				CLANG_WARN_BOOL_CONVERSION = YES;
				CLANG_WARN_COMMA = YES;
				CLANG_WARN_CONSTANT_CONVERSION = YES;
				CLANG_WARN_DEPRECATED_OBJC_IMPLEMENTATIONS = YES;
				CLANG_WARN_DIRECT_OBJC_ISA_USAGE = YES_ERROR;
				CLANG_WARN_DOCUMENTATION_COMMENTS = YES;
				CLANG_WARN_EMPTY_BODY = YES;
				CLANG_WARN_ENUM_CONVERSION = YES;
				CLANG_WARN_INFINITE_RECURSION = YES;
				CLANG_WARN_INT_CONVERSION = YES;
				CLANG_WARN_NON_LITERAL_NULL_CONVERSION = YES;
				CLANG_WARN_OBJC_IMPLICIT_RETAIN_SELF = YES;
				CLANG_WARN_OBJC_LITERAL_CONVERSION = YES;
				CLANG_WARN_OBJC_ROOT_CLASS = YES_ERROR;
				CLANG_WARN_QUOTED_INCLUDE_IN_FRAMEWORK_HEADER = YES;
				CLANG_WARN_RANGE_LOOP_ANALYSIS = YES;
				CLANG_WARN_STRICT_PROTOTYPES = YES;
				CLANG_WARN_SUSPICIOUS_MOVE = YES;
				CLANG_WARN_UNGUARDED_AVAILABILITY = YES_AGGRESSIVE;
				CLANG_WARN_UNREACHABLE_CODE = YES;
				CLANG_WARN__DUPLICATE_METHOD_MATCH = YES;
				CODE_SIGN_ALLOW_ENTITLEMENTS_MODIFICATION = YES;
				COPY_PHASE_STRIP = NO;
				DEBUG_INFORMATION_FORMAT = "dwarf-with-dsym";
				DEVELOPMENT_TEAM = KHM26R2G73;
				ENABLE_NS_ASSERTIONS = NO;
				ENABLE_STRICT_OBJC_MSGSEND = YES;
				GCC_C_LANGUAGE_STANDARD = gnu11;
				GCC_NO_COMMON_BLOCKS = YES;
				GCC_WARN_64_TO_32_BIT_CONVERSION = YES;
				GCC_WARN_ABOUT_RETURN_TYPE = YES_ERROR;
				GCC_WARN_UNDECLARED_SELECTOR = YES;
				GCC_WARN_UNINITIALIZED_AUTOS = YES_AGGRESSIVE;
				GCC_WARN_UNUSED_FUNCTION = YES;
				GCC_WARN_UNUSED_VARIABLE = YES;
				IPHONEOS_DEPLOYMENT_TARGET = 16.0;
				MTL_ENABLE_DEBUG_INFO = NO;
				MTL_FAST_MATH = YES;
				SDKROOT = iphoneos;
				SWIFT_COMPILATION_MODE = wholemodule;
				SWIFT_OPTIMIZATION_LEVEL = "-O";
				VALIDATE_PRODUCT = YES;
			};
			name = Release;
		};
		8421B0892165BBB90041A53A /* Debug */ = {
			isa = XCBuildConfiguration;
			buildSettings = {
				ASSETCATALOG_COMPILER_APPICON_NAME = AppIcon;
				CODE_SIGN_ENTITLEMENTS = LocationApp/LocationApp.entitlements;
				CODE_SIGN_IDENTITY = "Apple Development";
				CODE_SIGN_STYLE = Automatic;
				DEVELOPMENT_TEAM = KHM26R2G73;
				INFOPLIST_FILE = LocationApp/Info.plist;
				IPHONEOS_DEPLOYMENT_TARGET = 16.0;
				LD_RUNPATH_SEARCH_PATHS = (
					"$(inherited)",
					"@executable_path/Frameworks",
				);
				MARKETING_VERSION = 3.0;
				PRODUCT_BUNDLE_IDENTIFIER = com.SLAC.LocationApp;
				PRODUCT_NAME = "$(TARGET_NAME)";
				PROVISIONING_PROFILE_SPECIFIER = "";
				SWIFT_VERSION = 5.0;
				TARGETED_DEVICE_FAMILY = "1,2";
			};
			name = Debug;
		};
		8421B08A2165BBB90041A53A /* Release */ = {
			isa = XCBuildConfiguration;
			buildSettings = {
				ASSETCATALOG_COMPILER_APPICON_NAME = AppIcon;
				CODE_SIGN_ENTITLEMENTS = LocationApp/LocationApp.entitlements;
				CODE_SIGN_IDENTITY = "Apple Development";
				CODE_SIGN_STYLE = Automatic;
				DEVELOPMENT_TEAM = KHM26R2G73;
				INFOPLIST_FILE = LocationApp/Info.plist;
				IPHONEOS_DEPLOYMENT_TARGET = 16.0;
				LD_RUNPATH_SEARCH_PATHS = (
					"$(inherited)",
					"@executable_path/Frameworks",
				);
				MARKETING_VERSION = 3.0;
				PRODUCT_BUNDLE_IDENTIFIER = com.SLAC.LocationApp;
				PRODUCT_NAME = "$(TARGET_NAME)";
				PROVISIONING_PROFILE_SPECIFIER = "";
				SWIFT_VERSION = 5.0;
				TARGETED_DEVICE_FAMILY = "1,2";
			};
			name = Release;
		};
		8421B08C2165BBB90041A53A /* Debug */ = {
			isa = XCBuildConfiguration;
			buildSettings = {
				ALWAYS_EMBED_SWIFT_STANDARD_LIBRARIES = YES;
				BUNDLE_LOADER = "$(TEST_HOST)";
				CODE_SIGN_STYLE = Automatic;
				DEVELOPMENT_TEAM = KHM26R2G73;
				INFOPLIST_FILE = LocationAppTests/Info.plist;
				LD_RUNPATH_SEARCH_PATHS = (
					"$(inherited)",
					"@executable_path/Frameworks",
					"@loader_path/Frameworks",
				);
				PRODUCT_BUNDLE_IDENTIFIER = com.SLAC.LocationAppTests;
				PRODUCT_NAME = "$(TARGET_NAME)";
				SWIFT_VERSION = 5.0;
				TARGETED_DEVICE_FAMILY = "1,2";
				TEST_HOST = "$(BUILT_PRODUCTS_DIR)/LocationApp.app/LocationApp";
			};
			name = Debug;
		};
		8421B08D2165BBB90041A53A /* Release */ = {
			isa = XCBuildConfiguration;
			buildSettings = {
				ALWAYS_EMBED_SWIFT_STANDARD_LIBRARIES = YES;
				BUNDLE_LOADER = "$(TEST_HOST)";
				CODE_SIGN_STYLE = Automatic;
				DEVELOPMENT_TEAM = KHM26R2G73;
				INFOPLIST_FILE = LocationAppTests/Info.plist;
				LD_RUNPATH_SEARCH_PATHS = (
					"$(inherited)",
					"@executable_path/Frameworks",
					"@loader_path/Frameworks",
				);
				PRODUCT_BUNDLE_IDENTIFIER = com.SLAC.LocationAppTests;
				PRODUCT_NAME = "$(TARGET_NAME)";
				SWIFT_VERSION = 5.0;
				TARGETED_DEVICE_FAMILY = "1,2";
				TEST_HOST = "$(BUILT_PRODUCTS_DIR)/LocationApp.app/LocationApp";
			};
			name = Release;
		};
		8421B08F2165BBB90041A53A /* Debug */ = {
			isa = XCBuildConfiguration;
			buildSettings = {
				ALWAYS_EMBED_SWIFT_STANDARD_LIBRARIES = YES;
				CODE_SIGN_STYLE = Automatic;
				DEVELOPMENT_TEAM = KHM26R2G73;
				INFOPLIST_FILE = LocationAppUITests/Info.plist;
				LD_RUNPATH_SEARCH_PATHS = (
					"$(inherited)",
					"@executable_path/Frameworks",
					"@loader_path/Frameworks",
				);
				PRODUCT_BUNDLE_IDENTIFIER = com.SLAC.LocationAppUITests;
				PRODUCT_NAME = "$(TARGET_NAME)";
				SWIFT_VERSION = 5.0;
				TARGETED_DEVICE_FAMILY = "1,2";
				TEST_TARGET_NAME = LocationApp;
			};
			name = Debug;
		};
		8421B0902165BBB90041A53A /* Release */ = {
			isa = XCBuildConfiguration;
			buildSettings = {
				ALWAYS_EMBED_SWIFT_STANDARD_LIBRARIES = YES;
				CODE_SIGN_STYLE = Automatic;
				DEVELOPMENT_TEAM = KHM26R2G73;
				INFOPLIST_FILE = LocationAppUITests/Info.plist;
				LD_RUNPATH_SEARCH_PATHS = (
					"$(inherited)",
					"@executable_path/Frameworks",
					"@loader_path/Frameworks",
				);
				PRODUCT_BUNDLE_IDENTIFIER = com.SLAC.LocationAppUITests;
				PRODUCT_NAME = "$(TARGET_NAME)";
				SWIFT_VERSION = 5.0;
				TARGETED_DEVICE_FAMILY = "1,2";
				TEST_TARGET_NAME = LocationApp;
			};
			name = Release;
		};
/* End XCBuildConfiguration section */

/* Begin XCConfigurationList section */
		8421B05B2165BBB80041A53A /* Build configuration list for PBXProject "LocationApp" */ = {
			isa = XCConfigurationList;
			buildConfigurations = (
				8421B0862165BBB90041A53A /* Debug */,
				8421B0872165BBB90041A53A /* Release */,
			);
			defaultConfigurationIsVisible = 0;
			defaultConfigurationName = Release;
		};
		8421B0882165BBB90041A53A /* Build configuration list for PBXNativeTarget "LocationApp" */ = {
			isa = XCConfigurationList;
			buildConfigurations = (
				8421B0892165BBB90041A53A /* Debug */,
				8421B08A2165BBB90041A53A /* Release */,
			);
			defaultConfigurationIsVisible = 0;
			defaultConfigurationName = Release;
		};
		8421B08B2165BBB90041A53A /* Build configuration list for PBXNativeTarget "LocationAppTests" */ = {
			isa = XCConfigurationList;
			buildConfigurations = (
				8421B08C2165BBB90041A53A /* Debug */,
				8421B08D2165BBB90041A53A /* Release */,
			);
			defaultConfigurationIsVisible = 0;
			defaultConfigurationName = Release;
		};
		8421B08E2165BBB90041A53A /* Build configuration list for PBXNativeTarget "LocationAppUITests" */ = {
			isa = XCConfigurationList;
			buildConfigurations = (
				8421B08F2165BBB90041A53A /* Debug */,
				8421B0902165BBB90041A53A /* Release */,
			);
			defaultConfigurationIsVisible = 0;
			defaultConfigurationName = Release;
		};
/* End XCConfigurationList section */

/* Begin XCVersionGroup section */
		84F477942167173A00A63336 /* LocationApp.xcdatamodeld */ = {
			isa = XCVersionGroup;
			children = (
				84F477952167173A00A63336 /* LocationApp.xcdatamodel */,
			);
			currentVersion = 84F477952167173A00A63336 /* LocationApp.xcdatamodel */;
			path = LocationApp.xcdatamodeld;
			sourceTree = "<group>";
			versionGroupType = wrapper.xcdatamodel;
		};
/* End XCVersionGroup section */
	};
	rootObject = 8421B0582165BBB80041A53A /* Project object */;
}
